
Microsoft Visual Studio Solution File, Format Version 12.00
# Visual Studio Version 16
VisualStudioVersion = 16.0.30503.244
MinimumVisualStudioVersion = 10.0.40219.1
Project("{FAE04EC0-301F-11D3-BF4B-00C04F79EFBC}") = "switch case program practise", "switch case program practise\switch case program practise.csproj", "{42888F58-A26A-4957-A169-CD5EF9526064}"
EndProject
Global
	GlobalSection(SolutionConfigurationPlatforms) = preSolution
		Debug|Any CPU = Debug|Any CPU
		Release|Any CPU = Release|Any CPU
	EndGlobalSection
	GlobalSection(ProjectConfigurationPlatforms) = postSolution
		{42888F58-A26A-4957-A169-CD5EF9526064}.Debug|Any CPU.ActiveCfg = Debug|Any CPU
		{42888F58-A26A-4957-A169-CD5EF9526064}.Debug|Any CPU.Build.0 = Debug|Any CPU
		{42888F58-A26A-4957-A169-CD5EF9526064}.Release|Any CPU.ActiveCfg = Release|Any CPU
		{42888F58-A26A-4957-A169-CD5EF9526064}.Release|Any CPU.Build.0 = Release|Any CPU
	EndGlobalSection
	GlobalSection(SolutionProperties) = preSolution
		HideSolutionNode = FALSE
	EndGlobalSection
	GlobalSection(ExtensibilityGlobals) = postSolution
		SolutionGuid = {D970D0FF-CB81-46D0-A162-BA6892179EBE}
	EndGlobalSection
EndGlobal
