
Microsoft Visual Studio Solution File, Format Version 12.00
# Visual Studio Version 16
VisualStudioVersion = 16.0.30523.141
MinimumVisualStudioVersion = 10.0.40219.1
Project("{FAE04EC0-301F-11D3-BF4B-00C04F79EFBC}") = "ConsoleAppAssignment1", "ConsoleAppAssignment1\ConsoleAppAssignment1.csproj", "{7D5749F7-A0DE-4702-AB53-87D9EB686D1D}"
EndProject
Global
	GlobalSection(SolutionConfigurationPlatforms) = preSolution
		Debug|Any CPU = Debug|Any CPU
		Release|Any CPU = Release|Any CPU
	EndGlobalSection
	GlobalSection(ProjectConfigurationPlatforms) = postSolution
		{7D5749F7-A0DE-4702-AB53-87D9EB686D1D}.Debug|Any CPU.ActiveCfg = Debug|Any CPU
		{7D5749F7-A0DE-4702-AB53-87D9EB686D1D}.Debug|Any CPU.Build.0 = Debug|Any CPU
		{7D5749F7-A0DE-4702-AB53-87D9EB686D1D}.Release|Any CPU.ActiveCfg = Release|Any CPU
		{7D5749F7-A0DE-4702-AB53-87D9EB686D1D}.Release|Any CPU.Build.0 = Release|Any CPU
	EndGlobalSection
	GlobalSection(SolutionProperties) = preSolution
		HideSolutionNode = FALSE
	EndGlobalSection
	GlobalSection(ExtensibilityGlobals) = postSolution
		SolutionGuid = {DB92C37B-252D-454C-990E-8BBA7774B747}
	EndGlobalSection
EndGlobal
