
Microsoft Visual Studio Solution File, Format Version 12.00
# Visual Studio Version 16
VisualStudioVersion = 16.0.30523.141
MinimumVisualStudioVersion = 10.0.40219.1
Project("{FAE04EC0-301F-11D3-BF4B-00C04F79EFBC}") = "ConsoleApp6GFG", "ConsoleApp6GFG\ConsoleApp6GFG.csproj", "{37ECD5E9-1108-4976-9B3F-6614E90A2919}"
EndProject
Project("{FAE04EC0-301F-11D3-BF4B-00C04F79EFBC}") = "UnitTestProject1", "UnitTestProject1\UnitTestProject1.csproj", "{95A599B6-F60E-4773-9673-F1145F24E130}"
EndProject
Global
	GlobalSection(SolutionConfigurationPlatforms) = preSolution
		Debug|Any CPU = Debug|Any CPU
		Release|Any CPU = Release|Any CPU
	EndGlobalSection
	GlobalSection(ProjectConfigurationPlatforms) = postSolution
		{37ECD5E9-1108-4976-9B3F-6614E90A2919}.Debug|Any CPU.ActiveCfg = Debug|Any CPU
		{37ECD5E9-1108-4976-9B3F-6614E90A2919}.Debug|Any CPU.Build.0 = Debug|Any CPU
		{37ECD5E9-1108-4976-9B3F-6614E90A2919}.Release|Any CPU.ActiveCfg = Release|Any CPU
		{37ECD5E9-1108-4976-9B3F-6614E90A2919}.Release|Any CPU.Build.0 = Release|Any CPU
		{95A599B6-F60E-4773-9673-F1145F24E130}.Debug|Any CPU.ActiveCfg = Debug|Any CPU
		{95A599B6-F60E-4773-9673-F1145F24E130}.Debug|Any CPU.Build.0 = Debug|Any CPU
		{95A599B6-F60E-4773-9673-F1145F24E130}.Release|Any CPU.ActiveCfg = Release|Any CPU
		{95A599B6-F60E-4773-9673-F1145F24E130}.Release|Any CPU.Build.0 = Release|Any CPU
	EndGlobalSection
	GlobalSection(SolutionProperties) = preSolution
		HideSolutionNode = FALSE
	EndGlobalSection
	GlobalSection(ExtensibilityGlobals) = postSolution
		SolutionGuid = {1224A91B-4AF3-4DFC-B7C0-D66211738659}
	EndGlobalSection
EndGlobal
